<Solution>
  <Project Path="Ejercicio 2/Ejercicio 2.csproj" />
  <Project Path="Formulario/Formulario.csproj" />
  <Project Path="parOImpar/parOImpar.csproj" />
  <Project Path="Practica 1/Practica 1.csproj" />
  <Project Path="Protecto1/Protecto1.csproj" />
  <Project Path="tareaFolios/tareaFolios.csproj" />
</Solution>
